
Microsoft Visual Studio Solution File, Format Version 12.00
# Visual Studio Version 17
VisualStudioVersion = 17.9.34607.119
MinimumVisualStudioVersion = 10.0.40219.1
Project("{FAE04EC0-301F-11D3-BF4B-00C04F79EFBC}") = "listbox-form", "listbox-form\listbox-form.csproj", "{A3606823-13C7-42A8-9645-AB0AA56FD28A}"
EndProject
Global
	GlobalSection(SolutionConfigurationPlatforms) = preSolution
		Debug|Any CPU = Debug|Any CPU
		Release|Any CPU = Release|Any CPU
	EndGlobalSection
	GlobalSection(ProjectConfigurationPlatforms) = postSolution
		{A3606823-13C7-42A8-9645-AB0AA56FD28A}.Debug|Any CPU.ActiveCfg = Debug|Any CPU
		{A3606823-13C7-42A8-9645-AB0AA56FD28A}.Debug|Any CPU.Build.0 = Debug|Any CPU
		{A3606823-13C7-42A8-9645-AB0AA56FD28A}.Release|Any CPU.ActiveCfg = Release|Any CPU
		{A3606823-13C7-42A8-9645-AB0AA56FD28A}.Release|Any CPU.Build.0 = Release|Any CPU
	EndGlobalSection
	GlobalSection(SolutionProperties) = preSolution
		HideSolutionNode = FALSE
	EndGlobalSection
	GlobalSection(ExtensibilityGlobals) = postSolution
		SolutionGuid = {1E3906E6-F9E9-4E48-8AD7-3040CE44E452}
	EndGlobalSection
EndGlobal
