
Microsoft Visual Studio Solution File, Format Version 12.00
# Visual Studio Version 17
VisualStudioVersion = 17.9.34714.143
MinimumVisualStudioVersion = 10.0.40219.1
Project("{FAE04EC0-301F-11D3-BF4B-00C04F79EFBC}") = "Import_from_exc", "Import_from_exc\Import_from_exc.csproj", "{D12F3986-E2B8-499B-B16D-A66D0A1A0DF3}"
EndProject
Global
	GlobalSection(SolutionConfigurationPlatforms) = preSolution
		Debug|Any CPU = Debug|Any CPU
		Release|Any CPU = Release|Any CPU
	EndGlobalSection
	GlobalSection(ProjectConfigurationPlatforms) = postSolution
		{D12F3986-E2B8-499B-B16D-A66D0A1A0DF3}.Debug|Any CPU.ActiveCfg = Debug|Any CPU
		{D12F3986-E2B8-499B-B16D-A66D0A1A0DF3}.Debug|Any CPU.Build.0 = Debug|Any CPU
		{D12F3986-E2B8-499B-B16D-A66D0A1A0DF3}.Release|Any CPU.ActiveCfg = Release|Any CPU
		{D12F3986-E2B8-499B-B16D-A66D0A1A0DF3}.Release|Any CPU.Build.0 = Release|Any CPU
	EndGlobalSection
	GlobalSection(SolutionProperties) = preSolution
		HideSolutionNode = FALSE
	EndGlobalSection
	GlobalSection(ExtensibilityGlobals) = postSolution
		SolutionGuid = {EAABEFF7-1360-409A-8057-C06E86B15237}
	EndGlobalSection
EndGlobal
