
Microsoft Visual Studio Solution File, Format Version 12.00
# Visual Studio Version 17
VisualStudioVersion = 17.9.34607.119
MinimumVisualStudioVersion = 10.0.40219.1
Project("{FAE04EC0-301F-11D3-BF4B-00C04F79EFBC}") = "Guess Number Game", "Guess Number Game\Guess Number Game.csproj", "{9B881853-DC62-4769-9151-C001FAF60916}"
EndProject
Global
	GlobalSection(SolutionConfigurationPlatforms) = preSolution
		Debug|Any CPU = Debug|Any CPU
		Release|Any CPU = Release|Any CPU
	EndGlobalSection
	GlobalSection(ProjectConfigurationPlatforms) = postSolution
		{9B881853-DC62-4769-9151-C001FAF60916}.Debug|Any CPU.ActiveCfg = Debug|Any CPU
		{9B881853-DC62-4769-9151-C001FAF60916}.Debug|Any CPU.Build.0 = Debug|Any CPU
		{9B881853-DC62-4769-9151-C001FAF60916}.Release|Any CPU.ActiveCfg = Release|Any CPU
		{9B881853-DC62-4769-9151-C001FAF60916}.Release|Any CPU.Build.0 = Release|Any CPU
	EndGlobalSection
	GlobalSection(SolutionProperties) = preSolution
		HideSolutionNode = FALSE
	EndGlobalSection
	GlobalSection(ExtensibilityGlobals) = postSolution
		SolutionGuid = {219E4071-FF09-4DCA-9F13-6FD909006E7E}
	EndGlobalSection
EndGlobal
