
Microsoft Visual Studio Solution File, Format Version 12.00
# Visual Studio Version 17
VisualStudioVersion = 17.9.34607.119
MinimumVisualStudioVersion = 10.0.40219.1
Project("{FAE04EC0-301F-11D3-BF4B-00C04F79EFBC}") = "calculator_with_method", "calculator_with_method\calculator_with_method.csproj", "{07FE7C89-109C-4CBD-8500-B5F52EA9476F}"
EndProject
Global
	GlobalSection(SolutionConfigurationPlatforms) = preSolution
		Debug|Any CPU = Debug|Any CPU
		Release|Any CPU = Release|Any CPU
	EndGlobalSection
	GlobalSection(ProjectConfigurationPlatforms) = postSolution
		{07FE7C89-109C-4CBD-8500-B5F52EA9476F}.Debug|Any CPU.ActiveCfg = Debug|Any CPU
		{07FE7C89-109C-4CBD-8500-B5F52EA9476F}.Debug|Any CPU.Build.0 = Debug|Any CPU
		{07FE7C89-109C-4CBD-8500-B5F52EA9476F}.Release|Any CPU.ActiveCfg = Release|Any CPU
		{07FE7C89-109C-4CBD-8500-B5F52EA9476F}.Release|Any CPU.Build.0 = Release|Any CPU
	EndGlobalSection
	GlobalSection(SolutionProperties) = preSolution
		HideSolutionNode = FALSE
	EndGlobalSection
	GlobalSection(ExtensibilityGlobals) = postSolution
		SolutionGuid = {44320E8B-984C-4664-A199-7995B8427A60}
	EndGlobalSection
EndGlobal
